
Microsoft Visual Studio Solution File, Format Version 12.00
# Visual Studio Version 16
VisualStudioVersion = 16.0.31105.61
MinimumVisualStudioVersion = 10.0.40219.1
Project("{FAE04EC0-301F-11D3-BF4B-00C04F79EFBC}") = "EntityLayer", "EntityLayer\EntityLayer.csproj", "{EA00B83D-3064-47D7-96B2-286DDE665FA3}"
EndProject
Project("{FAE04EC0-301F-11D3-BF4B-00C04F79EFBC}") = "DataAccessLayer", "DataAccessLayer\DataAccessLayer.csproj", "{41923202-B590-4DFF-9C47-AC30B8FC539E}"
EndProject
Project("{FAE04EC0-301F-11D3-BF4B-00C04F79EFBC}") = "BusinessLayer", "BusinessLayer\BusinessLayer.csproj", "{35B086C1-4F34-4A13-857C-DF93671E4E5C}"
EndProject
Project("{FAE04EC0-301F-11D3-BF4B-00C04F79EFBC}") = "WebMvc", "WebMvc\WebMvc.csproj", "{0CC6DD9D-F273-4B5B-ACA4-1ECE37B808C8}"
EndProject
Global
	GlobalSection(SolutionConfigurationPlatforms) = preSolution
		Debug|Any CPU = Debug|Any CPU
		Release|Any CPU = Release|Any CPU
	EndGlobalSection
	GlobalSection(ProjectConfigurationPlatforms) = postSolution
		{EA00B83D-3064-47D7-96B2-286DDE665FA3}.Debug|Any CPU.ActiveCfg = Debug|Any CPU
		{EA00B83D-3064-47D7-96B2-286DDE665FA3}.Debug|Any CPU.Build.0 = Debug|Any CPU
		{EA00B83D-3064-47D7-96B2-286DDE665FA3}.Release|Any CPU.ActiveCfg = Release|Any CPU
		{EA00B83D-3064-47D7-96B2-286DDE665FA3}.Release|Any CPU.Build.0 = Release|Any CPU
		{41923202-B590-4DFF-9C47-AC30B8FC539E}.Debug|Any CPU.ActiveCfg = Debug|Any CPU
		{41923202-B590-4DFF-9C47-AC30B8FC539E}.Debug|Any CPU.Build.0 = Debug|Any CPU
		{41923202-B590-4DFF-9C47-AC30B8FC539E}.Release|Any CPU.ActiveCfg = Release|Any CPU
		{41923202-B590-4DFF-9C47-AC30B8FC539E}.Release|Any CPU.Build.0 = Release|Any CPU
		{35B086C1-4F34-4A13-857C-DF93671E4E5C}.Debug|Any CPU.ActiveCfg = Debug|Any CPU
		{35B086C1-4F34-4A13-857C-DF93671E4E5C}.Debug|Any CPU.Build.0 = Debug|Any CPU
		{35B086C1-4F34-4A13-857C-DF93671E4E5C}.Release|Any CPU.ActiveCfg = Release|Any CPU
		{35B086C1-4F34-4A13-857C-DF93671E4E5C}.Release|Any CPU.Build.0 = Release|Any CPU
		{0CC6DD9D-F273-4B5B-ACA4-1ECE37B808C8}.Debug|Any CPU.ActiveCfg = Debug|Any CPU
		{0CC6DD9D-F273-4B5B-ACA4-1ECE37B808C8}.Debug|Any CPU.Build.0 = Debug|Any CPU
		{0CC6DD9D-F273-4B5B-ACA4-1ECE37B808C8}.Release|Any CPU.ActiveCfg = Release|Any CPU
		{0CC6DD9D-F273-4B5B-ACA4-1ECE37B808C8}.Release|Any CPU.Build.0 = Release|Any CPU
	EndGlobalSection
	GlobalSection(SolutionProperties) = preSolution
		HideSolutionNode = FALSE
	EndGlobalSection
	GlobalSection(ExtensibilityGlobals) = postSolution
		SolutionGuid = {6962BF8E-A28A-4C41-A101-4C6FFC60CA48}
	EndGlobalSection
EndGlobal
