
Microsoft Visual Studio Solution File, Format Version 12.00
# Visual Studio Version 16
VisualStudioVersion = 16.0.31105.61
MinimumVisualStudioVersion = 10.0.40219.1
Project("{9A19103F-16F7-4668-BE54-9A1E7A4F7556}") = "EntityLayer", "Entity\EntityLayer.csproj", "{43FA2884-652C-49D5-98DF-C8516884647A}"
EndProject
Project("{9A19103F-16F7-4668-BE54-9A1E7A4F7556}") = "DataAccessLayer", "DataAccess\DataAccessLayer.csproj", "{68271113-E8A8-4BF0-AD2D-92E98F6F14E9}"
EndProject
Project("{9A19103F-16F7-4668-BE54-9A1E7A4F7556}") = "BusinessLayer", "BusinessLayer\BusinessLayer.csproj", "{5E4A98A5-4874-4668-BF39-AE69F72507CD}"
EndProject
Project("{FAE04EC0-301F-11D3-BF4B-00C04F79EFBC}") = "MvcWeb", "MvcWeb\MvcWeb.csproj", "{2A7B6E2C-7EC9-41BB-859F-B144BA91E4EF}"
EndProject
Global
	GlobalSection(SolutionConfigurationPlatforms) = preSolution
		Debug|Any CPU = Debug|Any CPU
		Release|Any CPU = Release|Any CPU
	EndGlobalSection
	GlobalSection(ProjectConfigurationPlatforms) = postSolution
		{43FA2884-652C-49D5-98DF-C8516884647A}.Debug|Any CPU.ActiveCfg = Debug|Any CPU
		{43FA2884-652C-49D5-98DF-C8516884647A}.Debug|Any CPU.Build.0 = Debug|Any CPU
		{43FA2884-652C-49D5-98DF-C8516884647A}.Release|Any CPU.ActiveCfg = Release|Any CPU
		{43FA2884-652C-49D5-98DF-C8516884647A}.Release|Any CPU.Build.0 = Release|Any CPU
		{68271113-E8A8-4BF0-AD2D-92E98F6F14E9}.Debug|Any CPU.ActiveCfg = Debug|Any CPU
		{68271113-E8A8-4BF0-AD2D-92E98F6F14E9}.Debug|Any CPU.Build.0 = Debug|Any CPU
		{68271113-E8A8-4BF0-AD2D-92E98F6F14E9}.Release|Any CPU.ActiveCfg = Release|Any CPU
		{68271113-E8A8-4BF0-AD2D-92E98F6F14E9}.Release|Any CPU.Build.0 = Release|Any CPU
		{5E4A98A5-4874-4668-BF39-AE69F72507CD}.Debug|Any CPU.ActiveCfg = Debug|Any CPU
		{5E4A98A5-4874-4668-BF39-AE69F72507CD}.Debug|Any CPU.Build.0 = Debug|Any CPU
		{5E4A98A5-4874-4668-BF39-AE69F72507CD}.Release|Any CPU.ActiveCfg = Release|Any CPU
		{5E4A98A5-4874-4668-BF39-AE69F72507CD}.Release|Any CPU.Build.0 = Release|Any CPU
		{2A7B6E2C-7EC9-41BB-859F-B144BA91E4EF}.Debug|Any CPU.ActiveCfg = Debug|Any CPU
		{2A7B6E2C-7EC9-41BB-859F-B144BA91E4EF}.Debug|Any CPU.Build.0 = Debug|Any CPU
		{2A7B6E2C-7EC9-41BB-859F-B144BA91E4EF}.Release|Any CPU.ActiveCfg = Release|Any CPU
		{2A7B6E2C-7EC9-41BB-859F-B144BA91E4EF}.Release|Any CPU.Build.0 = Release|Any CPU
	EndGlobalSection
	GlobalSection(SolutionProperties) = preSolution
		HideSolutionNode = FALSE
	EndGlobalSection
	GlobalSection(ExtensibilityGlobals) = postSolution
		SolutionGuid = {6962BF8E-A28A-4C41-A101-4C6FFC60CA48}
	EndGlobalSection
EndGlobal
