
Microsoft Visual Studio Solution File, Format Version 12.00
# Visual Studio Version 16
VisualStudioVersion = 16.0.31105.61
MinimumVisualStudioVersion = 10.0.40219.1
Project("{9A19103F-16F7-4668-BE54-9A1E7A4F7556}") = "EntityLayer", "EntityLayer\EntityLayer.csproj", "{D7FB5245-E0DA-44BC-BE31-22A785280581}"
EndProject
Project("{9A19103F-16F7-4668-BE54-9A1E7A4F7556}") = "DataAccessLayer", "DataAccessLayer\DataAccessLayer.csproj", "{4647E4DE-D932-4D39-BBB9-7B504016ADAB}"
EndProject
Project("{FAE04EC0-301F-11D3-BF4B-00C04F79EFBC}") = "WebMVC", "WebMVC\WebMVC.csproj", "{AD353DD5-2ECA-43E1-993A-C68637FE7292}"
EndProject
Project("{FAE04EC0-301F-11D3-BF4B-00C04F79EFBC}") = "BusinessLogicLayer", "BusinessLogicLayer\BusinessLogicLayer.csproj", "{584EC8D1-2649-4097-B117-1C8C5B6D24E1}"
EndProject
Global
	GlobalSection(SolutionConfigurationPlatforms) = preSolution
		Debug|Any CPU = Debug|Any CPU
		Release|Any CPU = Release|Any CPU
	EndGlobalSection
	GlobalSection(ProjectConfigurationPlatforms) = postSolution
		{D7FB5245-E0DA-44BC-BE31-22A785280581}.Debug|Any CPU.ActiveCfg = Debug|Any CPU
		{D7FB5245-E0DA-44BC-BE31-22A785280581}.Debug|Any CPU.Build.0 = Debug|Any CPU
		{D7FB5245-E0DA-44BC-BE31-22A785280581}.Release|Any CPU.ActiveCfg = Release|Any CPU
		{D7FB5245-E0DA-44BC-BE31-22A785280581}.Release|Any CPU.Build.0 = Release|Any CPU
		{4647E4DE-D932-4D39-BBB9-7B504016ADAB}.Debug|Any CPU.ActiveCfg = Debug|Any CPU
		{4647E4DE-D932-4D39-BBB9-7B504016ADAB}.Debug|Any CPU.Build.0 = Debug|Any CPU
		{4647E4DE-D932-4D39-BBB9-7B504016ADAB}.Release|Any CPU.ActiveCfg = Release|Any CPU
		{4647E4DE-D932-4D39-BBB9-7B504016ADAB}.Release|Any CPU.Build.0 = Release|Any CPU
		{AD353DD5-2ECA-43E1-993A-C68637FE7292}.Debug|Any CPU.ActiveCfg = Debug|Any CPU
		{AD353DD5-2ECA-43E1-993A-C68637FE7292}.Debug|Any CPU.Build.0 = Debug|Any CPU
		{AD353DD5-2ECA-43E1-993A-C68637FE7292}.Release|Any CPU.ActiveCfg = Release|Any CPU
		{AD353DD5-2ECA-43E1-993A-C68637FE7292}.Release|Any CPU.Build.0 = Release|Any CPU
		{584EC8D1-2649-4097-B117-1C8C5B6D24E1}.Debug|Any CPU.ActiveCfg = Debug|Any CPU
		{584EC8D1-2649-4097-B117-1C8C5B6D24E1}.Debug|Any CPU.Build.0 = Debug|Any CPU
		{584EC8D1-2649-4097-B117-1C8C5B6D24E1}.Release|Any CPU.ActiveCfg = Release|Any CPU
		{584EC8D1-2649-4097-B117-1C8C5B6D24E1}.Release|Any CPU.Build.0 = Release|Any CPU
	EndGlobalSection
	GlobalSection(SolutionProperties) = preSolution
		HideSolutionNode = FALSE
	EndGlobalSection
	GlobalSection(ExtensibilityGlobals) = postSolution
		SolutionGuid = {6962BF8E-A28A-4C41-A101-4C6FFC60CA48}
	EndGlobalSection
EndGlobal
